
Microsoft Visual Studio Solution File, Format Version 12.00
# Visual Studio 15
VisualStudioVersion = 15.0.27004.2008
MinimumVisualStudioVersion = 10.0.40219.1
Project("{8BC9CEB8-8B4A-11D0-8D11-00A0C91BC942}") = "WordCount", "WordCount\WordCount.vcxproj", "{1D1545A2-B95E-4443-AE71-E1DE92A140D2}"
EndProject
Global
	GlobalSection(SolutionConfigurationPlatforms) = preSolution
		Debug|x64 = Debug|x64
		Debug|x86 = Debug|x86
		Release|x64 = Release|x64
		Release|x86 = Release|x86
	EndGlobalSection
	GlobalSection(ProjectConfigurationPlatforms) = postSolution
		{1D1545A2-B95E-4443-AE71-E1DE92A140D2}.Debug|x64.ActiveCfg = Debug|x64
		{1D1545A2-B95E-4443-AE71-E1DE92A140D2}.Debug|x64.Build.0 = Debug|x64
		{1D1545A2-B95E-4443-AE71-E1DE92A140D2}.Debug|x86.ActiveCfg = Debug|Win32
		{1D1545A2-B95E-4443-AE71-E1DE92A140D2}.Debug|x86.Build.0 = Debug|Win32
		{1D1545A2-B95E-4443-AE71-E1DE92A140D2}.Release|x64.ActiveCfg = Release|x64
		{1D1545A2-B95E-4443-AE71-E1DE92A140D2}.Release|x64.Build.0 = Release|x64
		{1D1545A2-B95E-4443-AE71-E1DE92A140D2}.Release|x86.ActiveCfg = Release|Win32
		{1D1545A2-B95E-4443-AE71-E1DE92A140D2}.Release|x86.Build.0 = Release|Win32
	EndGlobalSection
	GlobalSection(SolutionProperties) = preSolution
		HideSolutionNode = FALSE
	EndGlobalSection
	GlobalSection(ExtensibilityGlobals) = postSolution
		SolutionGuid = {62D66AEA-B9AB-455E-8820-47587360FBCF}
	EndGlobalSection
EndGlobal
