
Microsoft Visual Studio Solution File, Format Version 12.00
# Visual Studio 15
VisualStudioVersion = 15.0.27004.2008
MinimumVisualStudioVersion = 10.0.40219.1
Project("{8BC9CEB8-8B4A-11D0-8D11-00A0C91BC942}") = "ConsoleApplication1", "ConsoleApplication1\ConsoleApplication1.vcxproj", "{32932BE5-CA55-42BF-BDFE-75CC3E081B09}"
EndProject
Global
	GlobalSection(SolutionConfigurationPlatforms) = preSolution
		Debug|x64 = Debug|x64
		Debug|x86 = Debug|x86
		Release|x64 = Release|x64
		Release|x86 = Release|x86
	EndGlobalSection
	GlobalSection(ProjectConfigurationPlatforms) = postSolution
		{32932BE5-CA55-42BF-BDFE-75CC3E081B09}.Debug|x64.ActiveCfg = Debug|x64
		{32932BE5-CA55-42BF-BDFE-75CC3E081B09}.Debug|x64.Build.0 = Debug|x64
		{32932BE5-CA55-42BF-BDFE-75CC3E081B09}.Debug|x86.ActiveCfg = Debug|Win32
		{32932BE5-CA55-42BF-BDFE-75CC3E081B09}.Debug|x86.Build.0 = Debug|Win32
		{32932BE5-CA55-42BF-BDFE-75CC3E081B09}.Release|x64.ActiveCfg = Release|x64
		{32932BE5-CA55-42BF-BDFE-75CC3E081B09}.Release|x64.Build.0 = Release|x64
		{32932BE5-CA55-42BF-BDFE-75CC3E081B09}.Release|x86.ActiveCfg = Release|Win32
		{32932BE5-CA55-42BF-BDFE-75CC3E081B09}.Release|x86.Build.0 = Release|Win32
	EndGlobalSection
	GlobalSection(SolutionProperties) = preSolution
		HideSolutionNode = FALSE
	EndGlobalSection
	GlobalSection(ExtensibilityGlobals) = postSolution
		SolutionGuid = {C4A58E7F-83CB-475B-820A-967E71BC617D}
	EndGlobalSection
EndGlobal
